
Microsoft Visual Studio Solution File, Format Version 12.00
# Visual Studio 15
VisualStudioVersion = 15.0.27703.2026
MinimumVisualStudioVersion = 10.0.40219.1
Project("{FAE04EC0-301F-11D3-BF4B-00C04F79EFBC}") = "NetworkDebugger", "NetworkDebugger.csproj", "{7EE4C9FC-1060-486E-86E4-5FB8FEF570FF}"
EndProject
Global
	GlobalSection(SolutionConfigurationPlatforms) = preSolution
		Debug|Any CPU = Debug|Any CPU
		Release|Any CPU = Release|Any CPU
	EndGlobalSection
	GlobalSection(ProjectConfigurationPlatforms) = postSolution
		{7EE4C9FC-1060-486E-86E4-5FB8FEF570FF}.Debug|Any CPU.ActiveCfg = Debug|Any CPU
		{7EE4C9FC-1060-486E-86E4-5FB8FEF570FF}.Debug|Any CPU.Build.0 = Debug|Any CPU
		{7EE4C9FC-1060-486E-86E4-5FB8FEF570FF}.Release|Any CPU.ActiveCfg = Release|Any CPU
		{7EE4C9FC-1060-486E-86E4-5FB8FEF570FF}.Release|Any CPU.Build.0 = Release|Any CPU
	EndGlobalSection
	GlobalSection(SolutionProperties) = preSolution
		HideSolutionNode = FALSE
	EndGlobalSection
	GlobalSection(ExtensibilityGlobals) = postSolution
		SolutionGuid = {B13780B8-706B-449A-A6C4-C1840DC96570}
	EndGlobalSection
EndGlobal
